
Microsoft Visual Studio Solution File, Format Version 12.00
# Visual Studio Version 17
VisualStudioVersion = 17.9.34321.82
MinimumVisualStudioVersion = 10.0.40219.1
Project("{9A19103F-16F7-4668-BE54-9A1E7A4F7556}") = "angor.browse", "angor.browse\angor.browse.csproj", "{04F7700C-D97F-4EAA-9438-D86A5FDB77B4}"
EndProject
Project("{FAE04EC0-301F-11D3-BF4B-00C04F79EFBC}") = "angor.browse.AppHost", "angor.browse.AppHost\angor.browse.AppHost.csproj", "{55DD520A-4394-4967-9FEC-320CFE2DFABC}"
EndProject
Project("{9A19103F-16F7-4668-BE54-9A1E7A4F7556}") = "angor.browse.ServiceDefaults", "angor.browse.ServiceDefaults\angor.browse.ServiceDefaults.csproj", "{D57C5D48-935F-4F1D-A2DF-040CDDB1AE19}"
EndProject
Global
	GlobalSection(SolutionConfigurationPlatforms) = preSolution
		Debug|Any CPU = Debug|Any CPU
		Release|Any CPU = Release|Any CPU
	EndGlobalSection
	GlobalSection(ProjectConfigurationPlatforms) = postSolution
		{04F7700C-D97F-4EAA-9438-D86A5FDB77B4}.Debug|Any CPU.ActiveCfg = Debug|Any CPU
		{04F7700C-D97F-4EAA-9438-D86A5FDB77B4}.Debug|Any CPU.Build.0 = Debug|Any CPU
		{04F7700C-D97F-4EAA-9438-D86A5FDB77B4}.Release|Any CPU.ActiveCfg = Release|Any CPU
		{04F7700C-D97F-4EAA-9438-D86A5FDB77B4}.Release|Any CPU.Build.0 = Release|Any CPU
		{55DD520A-4394-4967-9FEC-320CFE2DFABC}.Debug|Any CPU.ActiveCfg = Debug|Any CPU
		{55DD520A-4394-4967-9FEC-320CFE2DFABC}.Debug|Any CPU.Build.0 = Debug|Any CPU
		{55DD520A-4394-4967-9FEC-320CFE2DFABC}.Release|Any CPU.ActiveCfg = Release|Any CPU
		{55DD520A-4394-4967-9FEC-320CFE2DFABC}.Release|Any CPU.Build.0 = Release|Any CPU
		{D57C5D48-935F-4F1D-A2DF-040CDDB1AE19}.Debug|Any CPU.ActiveCfg = Debug|Any CPU
		{D57C5D48-935F-4F1D-A2DF-040CDDB1AE19}.Debug|Any CPU.Build.0 = Debug|Any CPU
		{D57C5D48-935F-4F1D-A2DF-040CDDB1AE19}.Release|Any CPU.ActiveCfg = Release|Any CPU
		{D57C5D48-935F-4F1D-A2DF-040CDDB1AE19}.Release|Any CPU.Build.0 = Release|Any CPU
	EndGlobalSection
	GlobalSection(SolutionProperties) = preSolution
		HideSolutionNode = FALSE
	EndGlobalSection
	GlobalSection(ExtensibilityGlobals) = postSolution
		SolutionGuid = {8972CB83-FFAA-4750-8961-332516F7E821}
	EndGlobalSection
EndGlobal
